# @generated by Move, please check-in and do not edit manually.

[move]
version = 3
manifest_digest = "DE4C5D493F6AAA4859A695BE03D877CF5532AD67813DEBE2D5A1EFC2860FC6AD"
deps_digest = "F8BBB0CCB2491CA29A3DF03D6F92277A4F3574266507ACD77214D37ECA3F3082"
dependencies = [
  { id = "Sui", name = "Sui" },
]

[[move.package]]
id = "MoveStdlib"
source = { git = "https://github.com/MystenLabs/sui.git", rev = "framework/testnet", subdir = "crates/sui-framework/packages/move-stdlib" }

[[move.package]]
id = "Sui"
source = { git = "https://github.com/MystenLabs/sui.git", rev = "framework/testnet", subdir = "crates/sui-framework/packages/sui-framework" }

dependencies = [
  { id = "MoveStdlib", name = "MoveStdlib" },
]

[move.toolchain-version]
compiler-version = "1.38.1"
edition = "2024.beta"
flavor = "sui"

[env]

[env.testnet]
chain-id = "4c78adac"
original-published-id = "0xd82198a8369825beb19a2c4c5209bbe33b1b6dcd320c1b2e7145a54ced05f8b6"
latest-published-id = "0xd82198a8369825beb19a2c4c5209bbe33b1b6dcd320c1b2e7145a54ced05f8b6"
published-version = "1"
