# @generated by Move, please check-in and do not edit manually.

[move]
version = 3
manifest_digest = "22D2CB173CF4B4E9FC00AA2326E49DF76CFAC8DBF8C80A9B429D243F68875CB1"
deps_digest = "F8BBB0CCB2491CA29A3DF03D6F92277A4F3574266507ACD77214D37ECA3F3082"
dependencies = [
  { id = "Sui", name = "Sui" },
]

[[move.package]]
id = "MoveStdlib"
source = { git = "https://github.com/MystenLabs/sui.git", rev = "framework/testnet", subdir = "crates/sui-framework/packages/move-stdlib" }

[[move.package]]
id = "Sui"
source = { git = "https://github.com/MystenLabs/sui.git", rev = "framework/testnet", subdir = "crates/sui-framework/packages/sui-framework" }

dependencies = [
  { id = "MoveStdlib", name = "MoveStdlib" },
]

[move.toolchain-version]
compiler-version = "1.38.1"
edition = "2024.beta"
flavor = "sui"

[env]

[env.testnet]
chain-id = "4c78adac"
original-published-id = "0x1324676a00603e868b87d29997926e2bc5015889a986dc857ee84543a1cd0ead"
latest-published-id = "0x1324676a00603e868b87d29997926e2bc5015889a986dc857ee84543a1cd0ead"
published-version = "1"
